
Microsoft Visual Studio Solution File, Format Version 12.00
# Visual Studio Version 16
VisualStudioVersion = 16.0.31624.102
MinimumVisualStudioVersion = 10.0.40219.1
Project("{FAE04EC0-301F-11D3-BF4B-00C04F79EFBC}") = "BlazorProject.Server", "BlazorProject\Server\BlazorProject.Server.csproj", "{DD05FB6F-9DC9-4BE2-B37F-00FFD82DD17A}"
EndProject
Project("{FAE04EC0-301F-11D3-BF4B-00C04F79EFBC}") = "BlazorProject.Client", "BlazorProject\Client\BlazorProject.Client.csproj", "{3C1CB246-5B48-4B3E-99C7-9F2F2D45870A}"
EndProject
Project("{FAE04EC0-301F-11D3-BF4B-00C04F79EFBC}") = "BlazorProject.Shared", "BlazorProject\Shared\BlazorProject.Shared.csproj", "{EBB7AEBE-3DC4-422E-8D71-31C01243D1CD}"
EndProject
Global
	GlobalSection(SolutionConfigurationPlatforms) = preSolution
		Debug|Any CPU = Debug|Any CPU
		Release|Any CPU = Release|Any CPU
	EndGlobalSection
	GlobalSection(ProjectConfigurationPlatforms) = postSolution
		{DD05FB6F-9DC9-4BE2-B37F-00FFD82DD17A}.Debug|Any CPU.ActiveCfg = Debug|Any CPU
		{DD05FB6F-9DC9-4BE2-B37F-00FFD82DD17A}.Debug|Any CPU.Build.0 = Debug|Any CPU
		{DD05FB6F-9DC9-4BE2-B37F-00FFD82DD17A}.Release|Any CPU.ActiveCfg = Release|Any CPU
		{DD05FB6F-9DC9-4BE2-B37F-00FFD82DD17A}.Release|Any CPU.Build.0 = Release|Any CPU
		{3C1CB246-5B48-4B3E-99C7-9F2F2D45870A}.Debug|Any CPU.ActiveCfg = Debug|Any CPU
		{3C1CB246-5B48-4B3E-99C7-9F2F2D45870A}.Debug|Any CPU.Build.0 = Debug|Any CPU
		{3C1CB246-5B48-4B3E-99C7-9F2F2D45870A}.Release|Any CPU.ActiveCfg = Release|Any CPU
		{3C1CB246-5B48-4B3E-99C7-9F2F2D45870A}.Release|Any CPU.Build.0 = Release|Any CPU
		{EBB7AEBE-3DC4-422E-8D71-31C01243D1CD}.Debug|Any CPU.ActiveCfg = Debug|Any CPU
		{EBB7AEBE-3DC4-422E-8D71-31C01243D1CD}.Debug|Any CPU.Build.0 = Debug|Any CPU
		{EBB7AEBE-3DC4-422E-8D71-31C01243D1CD}.Release|Any CPU.ActiveCfg = Release|Any CPU
		{EBB7AEBE-3DC4-422E-8D71-31C01243D1CD}.Release|Any CPU.Build.0 = Release|Any CPU
	EndGlobalSection
	GlobalSection(SolutionProperties) = preSolution
		HideSolutionNode = FALSE
	EndGlobalSection
	GlobalSection(ExtensibilityGlobals) = postSolution
		SolutionGuid = {C23EA7C8-B419-48E2-A9F4-6CF095412138}
	EndGlobalSection
EndGlobal
